
Microsoft Visual Studio Solution File, Format Version 12.00
# Visual Studio Express 2012 for Windows Desktop
Project("{8BC9CEB8-8B4A-11D0-8D11-00A0C91BC942}") = "prohibited_area_test", "prohibited_area\prohibited_area_test.vcxproj", "{0A6E5C60-7D92-4562-B5A0-6B18D0A7150C}"
EndProject
Project("{8BC9CEB8-8B4A-11D0-8D11-00A0C91BC942}") = "mesh_test", "mesh_test\mesh_test.vcxproj", "{A042D9AB-EC0D-4FEE-9A73-E0832E6ECFBE}"
EndProject
Project("{8BC9CEB8-8B4A-11D0-8D11-00A0C91BC942}") = "collision_test", "collision_test\collision_test.vcxproj", "{8F839BE1-A2C9-465D-AD2F-662D9BB29C13}"
EndProject
Global
	GlobalSection(SolutionConfigurationPlatforms) = preSolution
		Debug|Win32 = Debug|Win32
		Release|Win32 = Release|Win32
	EndGlobalSection
	GlobalSection(ProjectConfigurationPlatforms) = postSolution
		{0A6E5C60-7D92-4562-B5A0-6B18D0A7150C}.Debug|Win32.ActiveCfg = Debug|Win32
		{0A6E5C60-7D92-4562-B5A0-6B18D0A7150C}.Debug|Win32.Build.0 = Debug|Win32
		{0A6E5C60-7D92-4562-B5A0-6B18D0A7150C}.Release|Win32.ActiveCfg = Release|Win32
		{0A6E5C60-7D92-4562-B5A0-6B18D0A7150C}.Release|Win32.Build.0 = Release|Win32
		{A042D9AB-EC0D-4FEE-9A73-E0832E6ECFBE}.Debug|Win32.ActiveCfg = Debug|Win32
		{A042D9AB-EC0D-4FEE-9A73-E0832E6ECFBE}.Debug|Win32.Build.0 = Debug|Win32
		{A042D9AB-EC0D-4FEE-9A73-E0832E6ECFBE}.Release|Win32.ActiveCfg = Release|Win32
		{A042D9AB-EC0D-4FEE-9A73-E0832E6ECFBE}.Release|Win32.Build.0 = Release|Win32
		{8F839BE1-A2C9-465D-AD2F-662D9BB29C13}.Debug|Win32.ActiveCfg = Debug|Win32
		{8F839BE1-A2C9-465D-AD2F-662D9BB29C13}.Debug|Win32.Build.0 = Debug|Win32
		{8F839BE1-A2C9-465D-AD2F-662D9BB29C13}.Release|Win32.ActiveCfg = Release|Win32
		{8F839BE1-A2C9-465D-AD2F-662D9BB29C13}.Release|Win32.Build.0 = Release|Win32
	EndGlobalSection
	GlobalSection(SolutionProperties) = preSolution
		HideSolutionNode = FALSE
	EndGlobalSection
EndGlobal
